// !$*UTF8*$!
{
	archiveVersion = 1;
	classes = {
	};
	objectVersion = 46;
	objects = {

/* Begin PBXBuildFile section */
		942479CC1CB8FA9A0052EB60 /* AppDelegate.swift in Sources */ = {isa = PBXBuildFile; fileRef = 942479CB1CB8FA9A0052EB60 /* AppDelegate.swift */; };
		942479CE1CB8FA9A0052EB60 /* ViewController.swift in Sources */ = {isa = PBXBuildFile; fileRef = 942479CD1CB8FA9A0052EB60 /* ViewController.swift */; };
		942479D11CB8FA9A0052EB60 /* Main.storyboard in Resources */ = {isa = PBXBuildFile; fileRef = 942479CF1CB8FA9A0052EB60 /* Main.storyboard */; };
		942479D31CB8FA9A0052EB60 /* Assets.xcassets in Resources */ = {isa = PBXBuildFile; fileRef = 942479D21CB8FA9A0052EB60 /* Assets.xcassets */; };
		942479D61CB8FA9A0052EB60 /* LaunchScreen.storyboard in Resources */ = {isa = PBXBuildFile; fileRef = 942479D41CB8FA9A0052EB60 /* LaunchScreen.storyboard */; };
/* End PBXBuildFile section */

/* Begin PBXFileReference section */
		942479C81CB8FA9A0052EB60 /* TicTacToe.app */ = {isa = PBXFileReference; explicitFileType = wrapper.application; includeInIndex = 0; path = TicTacToe.app; sourceTree = BUILT_PRODUCTS_DIR; };
		942479CB1CB8FA9A0052EB60 /* AppDelegate.swift */ = {isa = PBXFileReference; lastKnownFileType = sourcecode.swift; path = AppDelegate.swift; sourceTree = "<group>"; };
		942479CD1CB8FA9A0052EB60 /* ViewController.swift */ = {isa = PBXFileReference; lastKnownFileType = sourcecode.swift; path = ViewController.swift; sourceTree = "<group>"; };
		942479D01CB8FA9A0052EB60 /* Base */ = {isa = PBXFileReference; lastKnownFileType = file.storyboard; name = Base; path = Base.lproj/Main.storyboard; sourceTree = "<group>"; };
		942479D21CB8FA9A0052EB60 /* Assets.xcassets */ = {isa = PBXFileReference; lastKnownFileType = folder.assetcatalog; path = Assets.xcassets; sourceTree = "<group>"; };
		942479D51CB8FA9A0052EB60 /* Base */ = {isa = PBXFileReference; lastKnownFileType = file.storyboard; name = Base; path = Base.lproj/LaunchScreen.storyboard; sourceTree = "<group>"; };
		942479D71CB8FA9A0052EB60 /* Info.plist */ = {isa = PBXFileReference; lastKnownFileType = text.plist.xml; path = Info.plist; sourceTree = "<group>"; };
/* End PBXFileReference section */

/* Begin PBXFrameworksBuildPhase section */
		942479C51CB8FA9A0052EB60 /* Frameworks */ = {
			isa = PBXFrameworksBuildPhase;
			buildActionMask = 2147483647;
			files = (
			);
			runOnlyForDeploymentPostprocessing = 0;
		};
/* End PBXFrameworksBuildPhase section */

/* Begin PBXGroup section */
		942479BF1CB8FA9A0052EB60 = {
			isa = PBXGroup;
			children = (
				942479CA1CB8FA9A0052EB60 /* TicTacToe */,
				942479C91CB8FA9A0052EB60 /* Products */,
			);
			sourceTree = "<group>";
		};
		942479C91CB8FA9A0052EB60 /* Products */ = {
			isa = PBXGroup;
			children = (
				942479C81CB8FA9A0052EB60 /* TicTacToe.app */,
			);
			name = Products;
			sourceTree = "<group>";
		};
		942479CA1CB8FA9A0052EB60 /* TicTacToe */ = {
			isa = PBXGroup;
			children = (
				942479CB1CB8FA9A0052EB60 /* AppDelegate.swift */,
				942479CD1CB8FA9A0052EB60 /* ViewController.swift */,
				942479CF1CB8FA9A0052EB60 /* Main.storyboard */,
				942479D21CB8FA9A0052EB60 /* Assets.xcassets */,
				942479D41CB8FA9A0052EB60 /* LaunchScreen.storyboard */,
				942479D71CB8FA9A0052EB60 /* Info.plist */,
			);
			path = TicTacToe;
			sourceTree = "<group>";
		};
/* End PBXGroup section */

/* Begin PBXNativeTarget section */
		942479C71CB8FA9A0052EB60 /* TicTacToe */ = {
			isa = PBXNativeTarget;
			buildConfigurationList = 942479DA1CB8FA9A0052EB60 /* Build configuration list for PBXNativeTarget "TicTacToe" */;
			buildPhases = (
				942479C41CB8FA9A0052EB60 /* Sources */,
				942479C51CB8FA9A0052EB60 /* Frameworks */,
				942479C61CB8FA9A0052EB60 /* Resources */,
			);
			buildRules = (
			);
			dependencies = (
			);
			name = TicTacToe;
			productName = TicTacToe;
			productReference = 942479C81CB8FA9A0052EB60 /* TicTacToe.app */;
			productType = "com.apple.product-type.application";
		};
/* End PBXNativeTarget section */

/* Begin PBXProject section */
		942479C01CB8FA9A0052EB60 /* Project object */ = {
			isa = PBXProject;
			attributes = {
				LastSwiftUpdateCheck = 0720;
				LastUpgradeCheck = 0720;
				ORGANIZATIONNAME = "Mitesh Soni";
				TargetAttributes = {
					942479C71CB8FA9A0052EB60 = {
						CreatedOnToolsVersion = 7.2;
					};
				};
			};
			buildConfigurationList = 942479C31CB8FA9A0052EB60 /* Build configuration list for PBXProject "TicTacToe" */;
			compatibilityVersion = "Xcode 3.2";
			developmentRegion = English;
			hasScannedForEncodings = 0;
			knownRegions = (
				en,
				Base,
			);
			mainGroup = 942479BF1CB8FA9A0052EB60;
			productRefGroup = 942479C91CB8FA9A0052EB60 /* Products */;
			projectDirPath = "";
			projectRoot = "";
			targets = (
				942479C71CB8FA9A0052EB60 /* TicTacToe */,
			);
		};
/* End PBXProject section */

/* Begin PBXResourcesBuildPhase section */
		942479C61CB8FA9A0052EB60 /* Resources */ = {
			isa = PBXResourcesBuildPhase;
			buildActionMask = 2147483647;
			files = (
				942479D61CB8FA9A0052EB60 /* LaunchScreen.storyboard in Resources */,
				942479D31CB8FA9A0052EB60 /* Assets.xcassets in Resources */,
				942479D11CB8FA9A0052EB60 /* Main.storyboard in Resources */,
			);
			runOnlyForDeploymentPostprocessing = 0;
		};
/* End PBXResourcesBuildPhase section */

/* Begin PBXSourcesBuildPhase section */
		942479C41CB8FA9A0052EB60 /* Sources */ = {
			isa = PBXSourcesBuildPhase;
			buildActionMask = 2147483647;
			files = (
				942479CE1CB8FA9A0052EB60 /* ViewController.swift in Sources */,
				942479CC1CB8FA9A0052EB60 /* AppDelegate.swift in Sources */,
			);
			runOnlyForDeploymentPostprocessing = 0;
		};
/* End PBXSourcesBuildPhase section */

/* Begin PBXVariantGroup section */
		942479CF1CB8FA9A0052EB60 /* Main.storyboard */ = {
			isa = PBXVariantGroup;
			children = (
				942479D01CB8FA9A0052EB60 /* Base */,
			);
			name = Main.storyboard;
			sourceTree = "<group>";
		};
		942479D41CB8FA9A0052EB60 /* LaunchScreen.storyboard */ = {
			isa = PBXVariantGroup;
			children = (
				942479D51CB8FA9A0052EB60 /* Base */,
			);
			name = LaunchScreen.storyboard;
			sourceTree = "<group>";
		};
/* End PBXVariantGroup section */

/* Begin XCBuildConfiguration section */
		942479D81CB8FA9A0052EB60 /* Debug */ = {
			isa = XCBuildConfiguration;
			buildSettings = {
				ALWAYS_SEARCH_USER_PATHS = NO;
				CLANG_CXX_LANGUAGE_STANDARD = "gnu++0x";
				CLANG_CXX_LIBRARY = "libc++";
				CLANG_ENABLE_MODULES = YES;
				CLANG_ENABLE_OBJC_ARC = YES;
				CLANG_WARN_BOOL_CONVERSION = YES;
				CLANG_WARN_CONSTANT_CONVERSION = YES;
				CLANG_WARN_DIRECT_OBJC_ISA_USAGE = YES_ERROR;
				CLANG_WARN_EMPTY_BODY = YES;
				CLANG_WARN_ENUM_CONVERSION = YES;
				CLANG_WARN_INT_CONVERSION = YES;
				CLANG_WARN_OBJC_ROOT_CLASS = YES_ERROR;
				CLANG_WARN_UNREACHABLE_CODE = YES;
				CLANG_WARN__DUPLICATE_METHOD_MATCH = YES;
				"CODE_SIGN_IDENTITY[sdk=iphoneos*]" = "iPhone Developer";
				COPY_PHASE_STRIP = NO;
				DEBUG_INFORMATION_FORMAT = dwarf;
				ENABLE_STRICT_OBJC_MSGSEND = YES;
				ENABLE_TESTABILITY = YES;
				GCC_C_LANGUAGE_STANDARD = gnu99;
				GCC_DYNAMIC_NO_PIC = NO;
				GCC_NO_COMMON_BLOCKS = YES;
				GCC_OPTIMIZATION_LEVEL = 0;
				GCC_PREPROCESSOR_DEFINITIONS = (
					"DEBUG=1",
					"$(inherited)",
				);
				GCC_WARN_64_TO_32_BIT_CONVERSION = YES;
				GCC_WARN_ABOUT_RETURN_TYPE = YES_ERROR;
				GCC_WARN_UNDECLARED_SELECTOR = YES;
				GCC_WARN_UNINITIALIZED_AUTOS = YES_AGGRESSIVE;
				GCC_WARN_UNUSED_FUNCTION = YES;
				GCC_WARN_UNUSED_VARIABLE = YES;
				IPHONEOS_DEPLOYMENT_TARGET = 9.2;
				MTL_ENABLE_DEBUG_INFO = YES;
				ONLY_ACTIVE_ARCH = YES;
				SDKROOT = iphoneos;
				SWIFT_OPTIMIZATION_LEVEL = "-Onone";
			};
			name = Debug;
		};
		942479D91CB8FA9A0052EB60 /* Release */ = {
			isa = XCBuildConfiguration;
			buildSettings = {
				ALWAYS_SEARCH_USER_PATHS = NO;
				CLANG_CXX_LANGUAGE_STANDARD = "gnu++0x";
				CLANG_CXX_LIBRARY = "libc++";
				CLANG_ENABLE_MODULES = YES;
				CLANG_ENABLE_OBJC_ARC = YES;
				CLANG_WARN_BOOL_CONVERSION = YES;
				CLANG_WARN_CONSTANT_CONVERSION = YES;
				CLANG_WARN_DIRECT_OBJC_ISA_USAGE = YES_ERROR;
				CLANG_WARN_EMPTY_BODY = YES;
				CLANG_WARN_ENUM_CONVERSION = YES;
				CLANG_WARN_INT_CONVERSION = YES;
				CLANG_WARN_OBJC_ROOT_CLASS = YES_ERROR;
				CLANG_WARN_UNREACHABLE_CODE = YES;
				CLANG_WARN__DUPLICATE_METHOD_MATCH = YES;
				"CODE_SIGN_IDENTITY[sdk=iphoneos*]" = "iPhone Developer";
				COPY_PHASE_STRIP = NO;
				DEBUG_INFORMATION_FORMAT = "dwarf-with-dsym";
				ENABLE_NS_ASSERTIONS = NO;
				ENABLE_STRICT_OBJC_MSGSEND = YES;
				GCC_C_LANGUAGE_STANDARD = gnu99;
				GCC_NO_COMMON_BLOCKS = YES;
				GCC_WARN_64_TO_32_BIT_CONVERSION = YES;
				GCC_WARN_ABOUT_RETURN_TYPE = YES_ERROR;
				GCC_WARN_UNDECLARED_SELECTOR = YES;
				GCC_WARN_UNINITIALIZED_AUTOS = YES_AGGRESSIVE;
				GCC_WARN_UNUSED_FUNCTION = YES;
				GCC_WARN_UNUSED_VARIABLE = YES;
				IPHONEOS_DEPLOYMENT_TARGET = 9.2;
				MTL_ENABLE_DEBUG_INFO = NO;
				SDKROOT = iphoneos;
				VALIDATE_PRODUCT = YES;
			};
			name = Release;
		};
		942479DB1CB8FA9A0052EB60 /* Debug */ = {
			isa = XCBuildConfiguration;
			buildSettings = {
				ASSETCATALOG_COMPILER_APPICON_NAME = AppIcon;
				INFOPLIST_FILE = TicTacToe/Info.plist;
				LD_RUNPATH_SEARCH_PATHS = "$(inherited) @executable_path/Frameworks";
				PRODUCT_BUNDLE_IDENTIFIER = com.miteshsoni.TicTacToe;
				PRODUCT_NAME = "$(TARGET_NAME)";
			};
			name = Debug;
		};
		942479DC1CB8FA9A0052EB60 /* Release */ = {
			isa = XCBuildConfiguration;
			buildSettings = {
				ASSETCATALOG_COMPILER_APPICON_NAME = AppIcon;
				INFOPLIST_FILE = TicTacToe/Info.plist;
				LD_RUNPATH_SEARCH_PATHS = "$(inherited) @executable_path/Frameworks";
				PRODUCT_BUNDLE_IDENTIFIER = com.miteshsoni.TicTacToe;
				PRODUCT_NAME = "$(TARGET_NAME)";
			};
			name = Release;
		};
/* End XCBuildConfiguration section */

/* Begin XCConfigurationList section */
		942479C31CB8FA9A0052EB60 /* Build configuration list for PBXProject "TicTacToe" */ = {
			isa = XCConfigurationList;
			buildConfigurations = (
				942479D81CB8FA9A0052EB60 /* Debug */,
				942479D91CB8FA9A0052EB60 /* Release */,
			);
			defaultConfigurationIsVisible = 0;
			defaultConfigurationName = Release;
		};
		942479DA1CB8FA9A0052EB60 /* Build configuration list for PBXNativeTarget "TicTacToe" */ = {
			isa = XCConfigurationList;
			buildConfigurations = (
				942479DB1CB8FA9A0052EB60 /* Debug */,
				942479DC1CB8FA9A0052EB60 /* Release */,
			);
			defaultConfigurationIsVisible = 0;
		};
/* End XCConfigurationList section */
	};
	rootObject = 942479C01CB8FA9A0052EB60 /* Project object */;
}
